
Microsoft Visual Studio Solution File, Format Version 12.00
# Visual Studio Version 17
VisualStudioVersion = 17.6.33712.159
MinimumVisualStudioVersion = 10.0.40219.1
Project("{FAE04EC0-301F-11D3-BF4B-00C04F79EFBC}") = "proje", "proje\proje.csproj", "{0B730A41-38CF-4D23-AE1A-F4FFBCD3F8CB}"
EndProject
Global
	GlobalSection(SolutionConfigurationPlatforms) = preSolution
		Debug|Any CPU = Debug|Any CPU
		Debug|x64 = Debug|x64
		Release|Any CPU = Release|Any CPU
		Release|x64 = Release|x64
	EndGlobalSection
	GlobalSection(ProjectConfigurationPlatforms) = postSolution
		{0B730A41-38CF-4D23-AE1A-F4FFBCD3F8CB}.Debug|Any CPU.ActiveCfg = Debug|Any CPU
		{0B730A41-38CF-4D23-AE1A-F4FFBCD3F8CB}.Debug|Any CPU.Build.0 = Debug|Any CPU
		{0B730A41-38CF-4D23-AE1A-F4FFBCD3F8CB}.Debug|x64.ActiveCfg = Debug|Any CPU
		{0B730A41-38CF-4D23-AE1A-F4FFBCD3F8CB}.Debug|x64.Build.0 = Debug|Any CPU
		{0B730A41-38CF-4D23-AE1A-F4FFBCD3F8CB}.Release|Any CPU.ActiveCfg = Release|Any CPU
		{0B730A41-38CF-4D23-AE1A-F4FFBCD3F8CB}.Release|Any CPU.Build.0 = Release|Any CPU
		{0B730A41-38CF-4D23-AE1A-F4FFBCD3F8CB}.Release|x64.ActiveCfg = Release|x64
		{0B730A41-38CF-4D23-AE1A-F4FFBCD3F8CB}.Release|x64.Build.0 = Release|x64
	EndGlobalSection
	GlobalSection(SolutionProperties) = preSolution
		HideSolutionNode = FALSE
	EndGlobalSection
	GlobalSection(ExtensibilityGlobals) = postSolution
		SolutionGuid = {93FF6C25-5C10-4C51-BC44-F311DC2B1721}
	EndGlobalSection
EndGlobal
